<?xml version="1.0" encoding="utf-8"?>
<Project ToolsVersion="16.0" xmlns="http://schemas.microsoft.com/developer/msbuild/2003">
  <ItemGroup>
    <ClCompile Include="E:\Programming\Tools\Intel\openvino_2021.4.752\deployment_tools\open_model_zoo\demos\gaze_estimation_demo\cpp\main.cpp">
      <Filter>src</Filter>
    </ClCompile>
    <ClCompile Include="E:\Programming\Tools\Intel\openvino_2021.4.752\deployment_tools\open_model_zoo\demos\gaze_estimation_demo\cpp\src\exponential_averager.cpp">
      <Filter>src</Filter>
    </ClCompile>
    <ClCompile Include="E:\Programming\Tools\Intel\openvino_2021.4.752\deployment_tools\open_model_zoo\demos\gaze_estimation_demo\cpp\src\eye_state_estimator.cpp">
      <Filter>src</Filter>
    </ClCompile>
    <ClCompile Include="E:\Programming\Tools\Intel\openvino_2021.4.752\deployment_tools\open_model_zoo\demos\gaze_estimation_demo\cpp\src\face_detector.cpp">
      <Filter>src</Filter>
    </ClCompile>
    <ClCompile Include="E:\Programming\Tools\Intel\openvino_2021.4.752\deployment_tools\open_model_zoo\demos\gaze_estimation_demo\cpp\src\face_inference_results.cpp">
      <Filter>src</Filter>
    </ClCompile>
    <ClCompile Include="E:\Programming\Tools\Intel\openvino_2021.4.752\deployment_tools\open_model_zoo\demos\gaze_estimation_demo\cpp\src\gaze_estimator.cpp">
      <Filter>src</Filter>
    </ClCompile>
    <ClCompile Include="E:\Programming\Tools\Intel\openvino_2021.4.752\deployment_tools\open_model_zoo\demos\gaze_estimation_demo\cpp\src\head_pose_estimator.cpp">
      <Filter>src</Filter>
    </ClCompile>
    <ClCompile Include="E:\Programming\Tools\Intel\openvino_2021.4.752\deployment_tools\open_model_zoo\demos\gaze_estimation_demo\cpp\src\ie_wrapper.cpp">
      <Filter>src</Filter>
    </ClCompile>
    <ClCompile Include="E:\Programming\Tools\Intel\openvino_2021.4.752\deployment_tools\open_model_zoo\demos\gaze_estimation_demo\cpp\src\landmarks_estimator.cpp">
      <Filter>src</Filter>
    </ClCompile>
    <ClCompile Include="E:\Programming\Tools\Intel\openvino_2021.4.752\deployment_tools\open_model_zoo\demos\gaze_estimation_demo\cpp\src\results_marker.cpp">
      <Filter>src</Filter>
    </ClCompile>
    <ClCompile Include="E:\Programming\Tools\Intel\openvino_2021.4.752\deployment_tools\open_model_zoo\demos\gaze_estimation_demo\cpp\src\utils.cpp">
      <Filter>src</Filter>
    </ClCompile>
  </ItemGroup>
  <ItemGroup>
    <ClInclude Include="E:\Programming\Tools\Intel\openvino_2021.4.752\deployment_tools\open_model_zoo\demos\gaze_estimation_demo\cpp\gaze_estimation_demo.hpp">
      <Filter>include</Filter>
    </ClInclude>
    <ClInclude Include="E:\Programming\Tools\Intel\openvino_2021.4.752\deployment_tools\open_model_zoo\demos\gaze_estimation_demo\cpp\include\base_estimator.hpp">
      <Filter>include</Filter>
    </ClInclude>
    <ClInclude Include="E:\Programming\Tools\Intel\openvino_2021.4.752\deployment_tools\open_model_zoo\demos\gaze_estimation_demo\cpp\include\exponential_averager.hpp">
      <Filter>include</Filter>
    </ClInclude>
    <ClInclude Include="E:\Programming\Tools\Intel\openvino_2021.4.752\deployment_tools\open_model_zoo\demos\gaze_estimation_demo\cpp\include\eye_state_estimator.hpp">
      <Filter>include</Filter>
    </ClInclude>
    <ClInclude Include="E:\Programming\Tools\Intel\openvino_2021.4.752\deployment_tools\open_model_zoo\demos\gaze_estimation_demo\cpp\include\face_detector.hpp">
      <Filter>include</Filter>
    </ClInclude>
    <ClInclude Include="E:\Programming\Tools\Intel\openvino_2021.4.752\deployment_tools\open_model_zoo\demos\gaze_estimation_demo\cpp\include\face_inference_results.hpp">
      <Filter>include</Filter>
    </ClInclude>
    <ClInclude Include="E:\Programming\Tools\Intel\openvino_2021.4.752\deployment_tools\open_model_zoo\demos\gaze_estimation_demo\cpp\include\gaze_estimator.hpp">
      <Filter>include</Filter>
    </ClInclude>
    <ClInclude Include="E:\Programming\Tools\Intel\openvino_2021.4.752\deployment_tools\open_model_zoo\demos\gaze_estimation_demo\cpp\include\head_pose_estimator.hpp">
      <Filter>include</Filter>
    </ClInclude>
    <ClInclude Include="E:\Programming\Tools\Intel\openvino_2021.4.752\deployment_tools\open_model_zoo\demos\gaze_estimation_demo\cpp\include\ie_wrapper.hpp">
      <Filter>include</Filter>
    </ClInclude>
    <ClInclude Include="E:\Programming\Tools\Intel\openvino_2021.4.752\deployment_tools\open_model_zoo\demos\gaze_estimation_demo\cpp\include\landmarks_estimator.hpp">
      <Filter>include</Filter>
    </ClInclude>
    <ClInclude Include="E:\Programming\Tools\Intel\openvino_2021.4.752\deployment_tools\open_model_zoo\demos\gaze_estimation_demo\cpp\include\results_marker.hpp">
      <Filter>include</Filter>
    </ClInclude>
    <ClInclude Include="E:\Programming\Tools\Intel\openvino_2021.4.752\deployment_tools\open_model_zoo\demos\gaze_estimation_demo\cpp\include\utils.hpp">
      <Filter>include</Filter>
    </ClInclude>
  </ItemGroup>
  <ItemGroup>
    <CustomBuild Include="E:\Programming\Tools\Intel\openvino_2021.4.752\deployment_tools\open_model_zoo\demos\gaze_estimation_demo\cpp\CMakeLists.txt" />
  </ItemGroup>
  <ItemGroup>
    <Filter Include="include">
      <UniqueIdentifier>{7C2232F8-1C82-36B5-A96C-D6FBB5AC91AF}</UniqueIdentifier>
    </Filter>
    <Filter Include="src">
      <UniqueIdentifier>{ED23D99E-EDE1-34B7-9F51-5D063A5105F5}</UniqueIdentifier>
    </Filter>
  </ItemGroup>
</Project>
